
Microsoft Visual Studio Solution File, Format Version 12.00
# Visual Studio Version 17
VisualStudioVersion = 17.0.31903.59
MinimumVisualStudioVersion = 10.0.40219.1
Project("{FAE04EC0-301F-11D3-BF4B-00C04F79EFBC}") = "LoanService", "LoanService\LoanService.csproj", "{0B334FA2-C963-46EF-A051-23F68219B86F}"
EndProject
Project("{FAE04EC0-301F-11D3-BF4B-00C04F79EFBC}") = "LoanService.Tests", "LoanService.Tests\LoanService.Tests.csproj", "{4481B427-C411-480D-A690-273E25500884}"
EndProject
Global
	GlobalSection(SolutionConfigurationPlatforms) = preSolution
		Debug|Any CPU = Debug|Any CPU
		Release|Any CPU = Release|Any CPU
	EndGlobalSection
	GlobalSection(SolutionProperties) = preSolution
		HideSolutionNode = FALSE
	EndGlobalSection
	GlobalSection(ProjectConfigurationPlatforms) = postSolution
		{0B334FA2-C963-46EF-A051-23F68219B86F}.Debug|Any CPU.ActiveCfg = Debug|Any CPU
		{0B334FA2-C963-46EF-A051-23F68219B86F}.Debug|Any CPU.Build.0 = Debug|Any CPU
		{0B334FA2-C963-46EF-A051-23F68219B86F}.Release|Any CPU.ActiveCfg = Release|Any CPU
		{0B334FA2-C963-46EF-A051-23F68219B86F}.Release|Any CPU.Build.0 = Release|Any CPU
		{4481B427-C411-480D-A690-273E25500884}.Debug|Any CPU.ActiveCfg = Debug|Any CPU
		{4481B427-C411-480D-A690-273E25500884}.Debug|Any CPU.Build.0 = Debug|Any CPU
		{4481B427-C411-480D-A690-273E25500884}.Release|Any CPU.ActiveCfg = Release|Any CPU
		{4481B427-C411-480D-A690-273E25500884}.Release|Any CPU.Build.0 = Release|Any CPU
	EndGlobalSection
EndGlobal
